
Microsoft Visual Studio Solution File, Format Version 12.00
# Visual Studio Version 17
VisualStudioVersion = 17.13.35825.156 d17.13
MinimumVisualStudioVersion = 10.0.40219.1
Project("{FAE04EC0-301F-11D3-BF4B-00C04F79EFBC}") = "HW-ADO-NET-4", "HW-ADO-NET-4\HW-ADO-NET-4.csproj", "{5D160870-7129-459E-8B21-FB042497507F}"
EndProject
Global
	GlobalSection(SolutionConfigurationPlatforms) = preSolution
		Debug|Any CPU = Debug|Any CPU
		Release|Any CPU = Release|Any CPU
	EndGlobalSection
	GlobalSection(ProjectConfigurationPlatforms) = postSolution
		{5D160870-7129-459E-8B21-FB042497507F}.Debug|Any CPU.ActiveCfg = Debug|Any CPU
		{5D160870-7129-459E-8B21-FB042497507F}.Debug|Any CPU.Build.0 = Debug|Any CPU
		{5D160870-7129-459E-8B21-FB042497507F}.Release|Any CPU.ActiveCfg = Release|Any CPU
		{5D160870-7129-459E-8B21-FB042497507F}.Release|Any CPU.Build.0 = Release|Any CPU
	EndGlobalSection
	GlobalSection(SolutionProperties) = preSolution
		HideSolutionNode = FALSE
	EndGlobalSection
	GlobalSection(ExtensibilityGlobals) = postSolution
		SolutionGuid = {4DC60AA3-20A8-4ADE-A7E0-59648A60630F}
	EndGlobalSection
EndGlobal
